// !$*UTF8*$!
{
	archiveVersion = 1;
	classes = {
	};
	objectVersion = 50;
	objects = {

/* Begin PBXBuildFile section */
		292634BF2115DF8B005FBA71 /* AppDelegate.swift in Sources */ = {isa = PBXBuildFile; fileRef = 292634BE2115DF8B005FBA71 /* AppDelegate.swift */; };
		292634C12115DF8B005FBA71 /* ViewController.swift in Sources */ = {isa = PBXBuildFile; fileRef = 292634C02115DF8B005FBA71 /* ViewController.swift */; };
		292634C42115DF8B005FBA71 /* Main.storyboard in Resources */ = {isa = PBXBuildFile; fileRef = 292634C22115DF8B005FBA71 /* Main.storyboard */; };
		292634C62115DF8C005FBA71 /* Assets.xcassets in Resources */ = {isa = PBXBuildFile; fileRef = 292634C52115DF8C005FBA71 /* Assets.xcassets */; };
		292634C92115DF8C005FBA71 /* LaunchScreen.storyboard in Resources */ = {isa = PBXBuildFile; fileRef = 292634C72115DF8C005FBA71 /* LaunchScreen.storyboard */; };
		292634D12115E008005FBA71 /* CollectionViewCell.swift in Sources */ = {isa = PBXBuildFile; fileRef = 292634D02115E008005FBA71 /* CollectionViewCell.swift */; };
		292634D32115E01A005FBA71 /* CollectionReusableView.swift in Sources */ = {isa = PBXBuildFile; fileRef = 292634D22115E01A005FBA71 /* CollectionReusableView.swift */; };
/* End PBXBuildFile section */

/* Begin PBXFileReference section */
		292634BB2115DF8B005FBA71 /* UICollectionReusableView.app */ = {isa = PBXFileReference; explicitFileType = wrapper.application; includeInIndex = 0; path = UICollectionReusableView.app; sourceTree = BUILT_PRODUCTS_DIR; };
		292634BE2115DF8B005FBA71 /* AppDelegate.swift */ = {isa = PBXFileReference; lastKnownFileType = sourcecode.swift; path = AppDelegate.swift; sourceTree = "<group>"; };
		292634C02115DF8B005FBA71 /* ViewController.swift */ = {isa = PBXFileReference; lastKnownFileType = sourcecode.swift; path = ViewController.swift; sourceTree = "<group>"; };
		292634C32115DF8B005FBA71 /* Base */ = {isa = PBXFileReference; lastKnownFileType = file.storyboard; name = Base; path = Base.lproj/Main.storyboard; sourceTree = "<group>"; };
		292634C52115DF8C005FBA71 /* Assets.xcassets */ = {isa = PBXFileReference; lastKnownFileType = folder.assetcatalog; path = Assets.xcassets; sourceTree = "<group>"; };
		292634C82115DF8C005FBA71 /* Base */ = {isa = PBXFileReference; lastKnownFileType = file.storyboard; name = Base; path = Base.lproj/LaunchScreen.storyboard; sourceTree = "<group>"; };
		292634CA2115DF8C005FBA71 /* Info.plist */ = {isa = PBXFileReference; lastKnownFileType = text.plist.xml; path = Info.plist; sourceTree = "<group>"; };
		292634D02115E008005FBA71 /* CollectionViewCell.swift */ = {isa = PBXFileReference; lastKnownFileType = sourcecode.swift; path = CollectionViewCell.swift; sourceTree = "<group>"; };
		292634D22115E01A005FBA71 /* CollectionReusableView.swift */ = {isa = PBXFileReference; lastKnownFileType = sourcecode.swift; path = CollectionReusableView.swift; sourceTree = "<group>"; };
/* End PBXFileReference section */

/* Begin PBXFrameworksBuildPhase section */
		292634B82115DF8B005FBA71 /* Frameworks */ = {
			isa = PBXFrameworksBuildPhase;
			buildActionMask = 2147483647;
			files = (
			);
			runOnlyForDeploymentPostprocessing = 0;
		};
/* End PBXFrameworksBuildPhase section */

/* Begin PBXGroup section */
		292634B22115DF8B005FBA71 = {
			isa = PBXGroup;
			children = (
				292634BD2115DF8B005FBA71 /* UICollectionReusableView */,
				292634BC2115DF8B005FBA71 /* Products */,
			);
			sourceTree = "<group>";
		};
		292634BC2115DF8B005FBA71 /* Products */ = {
			isa = PBXGroup;
			children = (
				292634BB2115DF8B005FBA71 /* UICollectionReusableView.app */,
			);
			name = Products;
			sourceTree = "<group>";
		};
		292634BD2115DF8B005FBA71 /* UICollectionReusableView */ = {
			isa = PBXGroup;
			children = (
				292634BE2115DF8B005FBA71 /* AppDelegate.swift */,
				292634C02115DF8B005FBA71 /* ViewController.swift */,
				292634D02115E008005FBA71 /* CollectionViewCell.swift */,
				292634D22115E01A005FBA71 /* CollectionReusableView.swift */,
				292634C22115DF8B005FBA71 /* Main.storyboard */,
				292634C52115DF8C005FBA71 /* Assets.xcassets */,
				292634C72115DF8C005FBA71 /* LaunchScreen.storyboard */,
				292634CA2115DF8C005FBA71 /* Info.plist */,
			);
			path = UICollectionReusableView;
			sourceTree = "<group>";
		};
/* End PBXGroup section */

/* Begin PBXNativeTarget section */
		292634BA2115DF8B005FBA71 /* UICollectionReusableView */ = {
			isa = PBXNativeTarget;
			buildConfigurationList = 292634CD2115DF8C005FBA71 /* Build configuration list for PBXNativeTarget "UICollectionReusableView" */;
			buildPhases = (
				292634B72115DF8B005FBA71 /* Sources */,
				292634B82115DF8B005FBA71 /* Frameworks */,
				292634B92115DF8B005FBA71 /* Resources */,
			);
			buildRules = (
			);
			dependencies = (
			);
			name = UICollectionReusableView;
			productName = UICollectionReusableView;
			productReference = 292634BB2115DF8B005FBA71 /* UICollectionReusableView.app */;
			productType = "com.apple.product-type.application";
		};
/* End PBXNativeTarget section */

/* Begin PBXProject section */
		292634B32115DF8B005FBA71 /* Project object */ = {
			isa = PBXProject;
			attributes = {
				LastSwiftUpdateCheck = 0940;
				LastUpgradeCheck = 0940;
				ORGANIZATIONNAME = AmirDaliri;
				TargetAttributes = {
					292634BA2115DF8B005FBA71 = {
						CreatedOnToolsVersion = 9.4.1;
					};
				};
			};
			buildConfigurationList = 292634B62115DF8B005FBA71 /* Build configuration list for PBXProject "UICollectionReusableView" */;
			compatibilityVersion = "Xcode 9.3";
			developmentRegion = en;
			hasScannedForEncodings = 0;
			knownRegions = (
				en,
				Base,
			);
			mainGroup = 292634B22115DF8B005FBA71;
			productRefGroup = 292634BC2115DF8B005FBA71 /* Products */;
			projectDirPath = "";
			projectRoot = "";
			targets = (
				292634BA2115DF8B005FBA71 /* UICollectionReusableView */,
			);
		};
/* End PBXProject section */

/* Begin PBXResourcesBuildPhase section */
		292634B92115DF8B005FBA71 /* Resources */ = {
			isa = PBXResourcesBuildPhase;
			buildActionMask = 2147483647;
			files = (
				292634C92115DF8C005FBA71 /* LaunchScreen.storyboard in Resources */,
				292634C62115DF8C005FBA71 /* Assets.xcassets in Resources */,
				292634C42115DF8B005FBA71 /* Main.storyboard in Resources */,
			);
			runOnlyForDeploymentPostprocessing = 0;
		};
/* End PBXResourcesBuildPhase section */

/* Begin PBXSourcesBuildPhase section */
		292634B72115DF8B005FBA71 /* Sources */ = {
			isa = PBXSourcesBuildPhase;
			buildActionMask = 2147483647;
			files = (
				292634C12115DF8B005FBA71 /* ViewController.swift in Sources */,
				292634D32115E01A005FBA71 /* CollectionReusableView.swift in Sources */,
				292634BF2115DF8B005FBA71 /* AppDelegate.swift in Sources */,
				292634D12115E008005FBA71 /* CollectionViewCell.swift in Sources */,
			);
			runOnlyForDeploymentPostprocessing = 0;
		};
/* End PBXSourcesBuildPhase section */

/* Begin PBXVariantGroup section */
		292634C22115DF8B005FBA71 /* Main.storyboard */ = {
			isa = PBXVariantGroup;
			children = (
				292634C32115DF8B005FBA71 /* Base */,
			);
			name = Main.storyboard;
			sourceTree = "<group>";
		};
		292634C72115DF8C005FBA71 /* LaunchScreen.storyboard */ = {
			isa = PBXVariantGroup;
			children = (
				292634C82115DF8C005FBA71 /* Base */,
			);
			name = LaunchScreen.storyboard;
			sourceTree = "<group>";
		};
/* End PBXVariantGroup section */

/* Begin XCBuildConfiguration section */
		292634CB2115DF8C005FBA71 /* Debug */ = {
			isa = XCBuildConfiguration;
			buildSettings = {
				ALWAYS_SEARCH_USER_PATHS = NO;
				CLANG_ANALYZER_NONNULL = YES;
				CLANG_ANALYZER_NUMBER_OBJECT_CONVERSION = YES_AGGRESSIVE;
				CLANG_CXX_LANGUAGE_STANDARD = "gnu++14";
				CLANG_CXX_LIBRARY = "libc++";
				CLANG_ENABLE_MODULES = YES;
				CLANG_ENABLE_OBJC_ARC = YES;
				CLANG_ENABLE_OBJC_WEAK = YES;
				CLANG_WARN_BLOCK_CAPTURE_AUTORELEASING = YES;
				CLANG_WARN_BOOL_CONVERSION = YES;
				CLANG_WARN_COMMA = YES;
				CLANG_WARN_CONSTANT_CONVERSION = YES;
				CLANG_WARN_DEPRECATED_OBJC_IMPLEMENTATIONS = YES;
				CLANG_WARN_DIRECT_OBJC_ISA_USAGE = YES_ERROR;
				CLANG_WARN_DOCUMENTATION_COMMENTS = YES;
				CLANG_WARN_EMPTY_BODY = YES;
				CLANG_WARN_ENUM_CONVERSION = YES;
				CLANG_WARN_INFINITE_RECURSION = YES;
				CLANG_WARN_INT_CONVERSION = YES;
				CLANG_WARN_NON_LITERAL_NULL_CONVERSION = YES;
				CLANG_WARN_OBJC_IMPLICIT_RETAIN_SELF = YES;
				CLANG_WARN_OBJC_LITERAL_CONVERSION = YES;
				CLANG_WARN_OBJC_ROOT_CLASS = YES_ERROR;
				CLANG_WARN_RANGE_LOOP_ANALYSIS = YES;
				CLANG_WARN_STRICT_PROTOTYPES = YES;
				CLANG_WARN_SUSPICIOUS_MOVE = YES;
				CLANG_WARN_UNGUARDED_AVAILABILITY = YES_AGGRESSIVE;
				CLANG_WARN_UNREACHABLE_CODE = YES;
				CLANG_WARN__DUPLICATE_METHOD_MATCH = YES;
				CODE_SIGN_IDENTITY = "iPhone Developer";
				COPY_PHASE_STRIP = NO;
				DEBUG_INFORMATION_FORMAT = dwarf;
				ENABLE_STRICT_OBJC_MSGSEND = YES;
				ENABLE_TESTABILITY = YES;
				GCC_C_LANGUAGE_STANDARD = gnu11;
				GCC_DYNAMIC_NO_PIC = NO;
				GCC_NO_COMMON_BLOCKS = YES;
				GCC_OPTIMIZATION_LEVEL = 0;
				GCC_PREPROCESSOR_DEFINITIONS = (
					"DEBUG=1",
					"$(inherited)",
				);
				GCC_WARN_64_TO_32_BIT_CONVERSION = YES;
				GCC_WARN_ABOUT_RETURN_TYPE = YES_ERROR;
				GCC_WARN_UNDECLARED_SELECTOR = YES;
				GCC_WARN_UNINITIALIZED_AUTOS = YES_AGGRESSIVE;
				GCC_WARN_UNUSED_FUNCTION = YES;
				GCC_WARN_UNUSED_VARIABLE = YES;
				IPHONEOS_DEPLOYMENT_TARGET = 11.4;
				MTL_ENABLE_DEBUG_INFO = YES;
				ONLY_ACTIVE_ARCH = YES;
				SDKROOT = iphoneos;
				SWIFT_ACTIVE_COMPILATION_CONDITIONS = DEBUG;
				SWIFT_OPTIMIZATION_LEVEL = "-Onone";
			};
			name = Debug;
		};
		292634CC2115DF8C005FBA71 /* Release */ = {
			isa = XCBuildConfiguration;
			buildSettings = {
				ALWAYS_SEARCH_USER_PATHS = NO;
				CLANG_ANALYZER_NONNULL = YES;
				CLANG_ANALYZER_NUMBER_OBJECT_CONVERSION = YES_AGGRESSIVE;
				CLANG_CXX_LANGUAGE_STANDARD = "gnu++14";
				CLANG_CXX_LIBRARY = "libc++";
				CLANG_ENABLE_MODULES = YES;
				CLANG_ENABLE_OBJC_ARC = YES;
				CLANG_ENABLE_OBJC_WEAK = YES;
				CLANG_WARN_BLOCK_CAPTURE_AUTORELEASING = YES;
				CLANG_WARN_BOOL_CONVERSION = YES;
				CLANG_WARN_COMMA = YES;
				CLANG_WARN_CONSTANT_CONVERSION = YES;
				CLANG_WARN_DEPRECATED_OBJC_IMPLEMENTATIONS = YES;
				CLANG_WARN_DIRECT_OBJC_ISA_USAGE = YES_ERROR;
				CLANG_WARN_DOCUMENTATION_COMMENTS = YES;
				CLANG_WARN_EMPTY_BODY = YES;
				CLANG_WARN_ENUM_CONVERSION = YES;
				CLANG_WARN_INFINITE_RECURSION = YES;
				CLANG_WARN_INT_CONVERSION = YES;
				CLANG_WARN_NON_LITERAL_NULL_CONVERSION = YES;
				CLANG_WARN_OBJC_IMPLICIT_RETAIN_SELF = YES;
				CLANG_WARN_OBJC_LITERAL_CONVERSION = YES;
				CLANG_WARN_OBJC_ROOT_CLASS = YES_ERROR;
				CLANG_WARN_RANGE_LOOP_ANALYSIS = YES;
				CLANG_WARN_STRICT_PROTOTYPES = YES;
				CLANG_WARN_SUSPICIOUS_MOVE = YES;
				CLANG_WARN_UNGUARDED_AVAILABILITY = YES_AGGRESSIVE;
				CLANG_WARN_UNREACHABLE_CODE = YES;
				CLANG_WARN__DUPLICATE_METHOD_MATCH = YES;
				CODE_SIGN_IDENTITY = "iPhone Developer";
				COPY_PHASE_STRIP = NO;
				DEBUG_INFORMATION_FORMAT = "dwarf-with-dsym";
				ENABLE_NS_ASSERTIONS = NO;
				ENABLE_STRICT_OBJC_MSGSEND = YES;
				GCC_C_LANGUAGE_STANDARD = gnu11;
				GCC_NO_COMMON_BLOCKS = YES;
				GCC_WARN_64_TO_32_BIT_CONVERSION = YES;
				GCC_WARN_ABOUT_RETURN_TYPE = YES_ERROR;
				GCC_WARN_UNDECLARED_SELECTOR = YES;
				GCC_WARN_UNINITIALIZED_AUTOS = YES_AGGRESSIVE;
				GCC_WARN_UNUSED_FUNCTION = YES;
				GCC_WARN_UNUSED_VARIABLE = YES;
				IPHONEOS_DEPLOYMENT_TARGET = 11.4;
				MTL_ENABLE_DEBUG_INFO = NO;
				SDKROOT = iphoneos;
				SWIFT_COMPILATION_MODE = wholemodule;
				SWIFT_OPTIMIZATION_LEVEL = "-O";
				VALIDATE_PRODUCT = YES;
			};
			name = Release;
		};
		292634CE2115DF8C005FBA71 /* Debug */ = {
			isa = XCBuildConfiguration;
			buildSettings = {
				ASSETCATALOG_COMPILER_APPICON_NAME = AppIcon;
				CODE_SIGN_STYLE = Automatic;
				DEVELOPMENT_TEAM = NCU4JG2P77;
				INFOPLIST_FILE = UICollectionReusableView/Info.plist;
				LD_RUNPATH_SEARCH_PATHS = (
					"$(inherited)",
					"@executable_path/Frameworks",
				);
				PRODUCT_BUNDLE_IDENTIFIER = com.adl.UICollectionReusableView;
				PRODUCT_NAME = "$(TARGET_NAME)";
				SWIFT_VERSION = 4.0;
				TARGETED_DEVICE_FAMILY = "1,2";
			};
			name = Debug;
		};
		292634CF2115DF8C005FBA71 /* Release */ = {
			isa = XCBuildConfiguration;
			buildSettings = {
				ASSETCATALOG_COMPILER_APPICON_NAME = AppIcon;
				CODE_SIGN_STYLE = Automatic;
				DEVELOPMENT_TEAM = NCU4JG2P77;
				INFOPLIST_FILE = UICollectionReusableView/Info.plist;
				LD_RUNPATH_SEARCH_PATHS = (
					"$(inherited)",
					"@executable_path/Frameworks",
				);
				PRODUCT_BUNDLE_IDENTIFIER = com.adl.UICollectionReusableView;
				PRODUCT_NAME = "$(TARGET_NAME)";
				SWIFT_VERSION = 4.0;
				TARGETED_DEVICE_FAMILY = "1,2";
			};
			name = Release;
		};
/* End XCBuildConfiguration section */

/* Begin XCConfigurationList section */
		292634B62115DF8B005FBA71 /* Build configuration list for PBXProject "UICollectionReusableView" */ = {
			isa = XCConfigurationList;
			buildConfigurations = (
				292634CB2115DF8C005FBA71 /* Debug */,
				292634CC2115DF8C005FBA71 /* Release */,
			);
			defaultConfigurationIsVisible = 0;
			defaultConfigurationName = Release;
		};
		292634CD2115DF8C005FBA71 /* Build configuration list for PBXNativeTarget "UICollectionReusableView" */ = {
			isa = XCConfigurationList;
			buildConfigurations = (
				292634CE2115DF8C005FBA71 /* Debug */,
				292634CF2115DF8C005FBA71 /* Release */,
			);
			defaultConfigurationIsVisible = 0;
			defaultConfigurationName = Release;
		};
/* End XCConfigurationList section */
	};
	rootObject = 292634B32115DF8B005FBA71 /* Project object */;
}
